
Microsoft Visual Studio Solution File, Format Version 12.00
# Visual Studio Version 16
VisualStudioVersion = 16.0.30804.86
MinimumVisualStudioVersion = 10.0.40219.1
Project("{FAE04EC0-301F-11D3-BF4B-00C04F79EFBC}") = "ParserLib", "ParserLib\ParserLib.csproj", "{1902999E-4C85-4302-A6CD-6C1FABC80895}"
EndProject
Global
	GlobalSection(SolutionConfigurationPlatforms) = preSolution
		Debug|Any CPU = Debug|Any CPU
		Release|Any CPU = Release|Any CPU
	EndGlobalSection
	GlobalSection(ProjectConfigurationPlatforms) = postSolution
		{1902999E-4C85-4302-A6CD-6C1FABC80895}.Debug|Any CPU.ActiveCfg = Debug|Any CPU
		{1902999E-4C85-4302-A6CD-6C1FABC80895}.Debug|Any CPU.Build.0 = Debug|Any CPU
		{1902999E-4C85-4302-A6CD-6C1FABC80895}.Release|Any CPU.ActiveCfg = Release|Any CPU
		{1902999E-4C85-4302-A6CD-6C1FABC80895}.Release|Any CPU.Build.0 = Release|Any CPU
	EndGlobalSection
	GlobalSection(SolutionProperties) = preSolution
		HideSolutionNode = FALSE
	EndGlobalSection
	GlobalSection(ExtensibilityGlobals) = postSolution
		SolutionGuid = {5CC3A4A2-73A3-463B-8286-36620873C789}
	EndGlobalSection
EndGlobal
